{
  "name": "pdfobject-vue",
  "version": "0.0.5",
  "lockfileVersion": 3,
  "requires": true,
  "packages": {
    "": {
      "name": "pdfobject-vue",
      "version": "0.0.5",
      "license": "MIT",
      "peerDependencies": {
        "pdfobject": "^2.2.12",
        "vue": "^3.0.0"
      }
    },
    "node_modules/@babel/parser": {
      "version": "7.23.9",
      "license": "MIT",
      "peer": true,
      "bin": {
        "parser": "bin/babel-parser.js"
      },
      "engines": {
        "node": ">=6.0.0"
      }
    },
    "node_modules/@jridgewell/sourcemap-codec": {
      "version": "1.4.15",
      "license": "MIT",
      "peer": true
    },
    "node_modules/@vue/compiler-core": {
      "version": "3.4.15",
      "license": "MIT",
      "peer": true,
      "dependencies": {
        "@babel/parser": "^7.23.6",
        "@vue/shared": "3.4.15",
        "entities": "^4.5.0",
        "estree-walker": "^2.0.2",
        "source-map-js": "^1.0.2"
      }
    },
    "node_modules/@vue/compiler-dom": {
      "version": "3.4.15",
      "license": "MIT",
      "peer": true,
      "dependencies": {
        "@vue/compiler-core": "3.4.15",
        "@vue/shared": "3.4.15"
      }
    },
    "node_modules/@vue/compiler-sfc": {
      "version": "3.4.15",
      "license": "MIT",
      "peer": true,
      "dependencies": {
        "@babel/parser": "^7.23.6",
        "@vue/compiler-core": "3.4.15",
        "@vue/compiler-dom": "3.4.15",
        "@vue/compiler-ssr": "3.4.15",
        "@vue/shared": "3.4.15",
        "estree-walker": "^2.0.2",
        "magic-string": "^0.30.5",
        "postcss": "^8.4.33",
        "source-map-js": "^1.0.2"
      }
    },
    "node_modules/@vue/compiler-ssr": {
      "version": "3.4.15",
      "license": "MIT",
      "peer": true,
      "dependencies": {
        "@vue/compiler-dom": "3.4.15",
        "@vue/shared": "3.4.15"
      }
    },
    "node_modules/@vue/reactivity": {
      "version": "3.4.15",
      "license": "MIT",
      "peer": true,
      "dependencies": {
        "@vue/shared": "3.4.15"
      }
    },
    "node_modules/@vue/runtime-core": {
      "version": "3.4.15",
      "license": "MIT",
      "peer": true,
      "dependencies": {
        "@vue/reactivity": "3.4.15",
        "@vue/shared": "3.4.15"
      }
    },
    "node_modules/@vue/runtime-dom": {
      "version": "3.4.15",
      "license": "MIT",
      "peer": true,
      "dependencies": {
        "@vue/runtime-core": "3.4.15",
        "@vue/shared": "3.4.15",
        "csstype": "^3.1.3"
      }
    },
    "node_modules/@vue/server-renderer": {
      "version": "3.4.15",
      "license": "MIT",
      "peer": true,
      "dependencies": {
        "@vue/compiler-ssr": "3.4.15",
        "@vue/shared": "3.4.15"
      },
      "peerDependencies": {
        "vue": "3.4.15"
      }
    },
    "node_modules/@vue/shared": {
      "version": "3.4.15",
      "license": "MIT",
      "peer": true
    },
    "node_modules/csstype": {
      "version": "3.1.3",
      "license": "MIT",
      "peer": true
    },
    "node_modules/entities": {
      "version": "4.5.0",
      "license": "BSD-2-Clause",
      "peer": true,
      "engines": {
        "node": ">=0.12"
      },
      "funding": {
        "url": "https://github.com/fb55/entities?sponsor=1"
      }
    },
    "node_modules/estree-walker": {
      "version": "2.0.2",
      "license": "MIT",
      "peer": true
    },
    "node_modules/magic-string": {
      "version": "0.30.5",
      "license": "MIT",
      "peer": true,
      "dependencies": {
        "@jridgewell/sourcemap-codec": "^1.4.15"
      },
      "engines": {
        "node": ">=12"
      }
    },
    "node_modules/nanoid": {
      "version": "3.3.7",
      "funding": [
        {
          "type": "github",
          "url": "https://github.com/sponsors/ai"
        }
      ],
      "license": "MIT",
      "peer": true,
      "bin": {
        "nanoid": "bin/nanoid.cjs"
      },
      "engines": {
        "node": "^10 || ^12 || ^13.7 || ^14 || >=15.0.1"
      }
    },
    "node_modules/pdfobject": {
      "version": "2.3.1",
      "resolved": "https://registry.npmjs.org/pdfobject/-/pdfobject-2.3.1.tgz",
      "integrity": "sha512-vluuGiSDmMGpOvWFGiUY4trNB8aGKLDVxIXuuGHjX0kK3bMxCANUVtLivctE7uejLBScWCnbVarKatFVvdwXaQ==",
      "peer": true
    },
    "node_modules/picocolors": {
      "version": "1.0.0",
      "license": "ISC",
      "peer": true
    },
    "node_modules/postcss": {
      "version": "8.4.33",
      "funding": [
        {
          "type": "opencollective",
          "url": "https://opencollective.com/postcss/"
        },
        {
          "type": "tidelift",
          "url": "https://tidelift.com/funding/github/npm/postcss"
        },
        {
          "type": "github",
          "url": "https://github.com/sponsors/ai"
        }
      ],
      "license": "MIT",
      "peer": true,
      "dependencies": {
        "nanoid": "^3.3.7",
        "picocolors": "^1.0.0",
        "source-map-js": "^1.0.2"
      },
      "engines": {
        "node": "^10 || ^12 || >=14"
      }
    },
    "node_modules/source-map-js": {
      "version": "1.0.2",
      "license": "BSD-3-Clause",
      "peer": true,
      "engines": {
        "node": ">=0.10.0"
      }
    },
    "node_modules/vue": {
      "version": "3.4.15",
      "license": "MIT",
      "peer": true,
      "dependencies": {
        "@vue/compiler-dom": "3.4.15",
        "@vue/compiler-sfc": "3.4.15",
        "@vue/runtime-dom": "3.4.15",
        "@vue/server-renderer": "3.4.15",
        "@vue/shared": "3.4.15"
      },
      "peerDependencies": {
        "typescript": "*"
      },
      "peerDependenciesMeta": {
        "typescript": {
          "optional": true
        }
      }
    }
  }
}
